
Microsoft Visual Studio Solution File, Format Version 12.00
# Visual Studio Version 17
VisualStudioVersion = 17.7.34221.43
MinimumVisualStudioVersion = 10.0.40219.1
Project("{FAE04EC0-301F-11D3-BF4B-00C04F79EFBC}") = "LibraryManagementSystem_API", "LibraryManagementSystem_API\LibraryManagementSystem_API.csproj", "{B0FA5466-8A6C-40D8-BCBA-04C43C052262}"
EndProject
Global
	GlobalSection(SolutionConfigurationPlatforms) = preSolution
		Debug|Any CPU = Debug|Any CPU
		Release|Any CPU = Release|Any CPU
	EndGlobalSection
	GlobalSection(ProjectConfigurationPlatforms) = postSolution
		{B0FA5466-8A6C-40D8-BCBA-04C43C052262}.Debug|Any CPU.ActiveCfg = Debug|Any CPU
		{B0FA5466-8A6C-40D8-BCBA-04C43C052262}.Debug|Any CPU.Build.0 = Debug|Any CPU
		{B0FA5466-8A6C-40D8-BCBA-04C43C052262}.Release|Any CPU.ActiveCfg = Release|Any CPU
		{B0FA5466-8A6C-40D8-BCBA-04C43C052262}.Release|Any CPU.Build.0 = Release|Any CPU
	EndGlobalSection
	GlobalSection(SolutionProperties) = preSolution
		HideSolutionNode = FALSE
	EndGlobalSection
	GlobalSection(ExtensibilityGlobals) = postSolution
		SolutionGuid = {739DE7BA-1BC4-42D1-A324-6097B324555E}
	EndGlobalSection
EndGlobal
